
Microsoft Visual Studio Solution File, Format Version 12.00
# Visual Studio Version 17
VisualStudioVersion = 17.7.34003.232
MinimumVisualStudioVersion = 10.0.40219.1
Project("{9A19103F-16F7-4668-BE54-9A1E7A4F7556}") = "VideoScheduler", "VideoScheduler\VideoScheduler.csproj", "{3F1E6412-3A50-4DF2-BC0F-E161C501F352}"
	ProjectSection(ProjectDependencies) = postProject
		{421785E8-9ADA-4155-AFC3-8C8A9023CC80} = {421785E8-9ADA-4155-AFC3-8C8A9023CC80}
		{4B68B343-0396-445A-B306-536381C40D3A} = {4B68B343-0396-445A-B306-536381C40D3A}
	EndProjectSection
EndProject
Project("{9A19103F-16F7-4668-BE54-9A1E7A4F7556}") = "VideoScheduler.Core", "VideoScheduler.Core\VideoScheduler.Core.csproj", "{421785E8-9ADA-4155-AFC3-8C8A9023CC80}"
	ProjectSection(ProjectDependencies) = postProject
		{4B68B343-0396-445A-B306-536381C40D3A} = {4B68B343-0396-445A-B306-536381C40D3A}
	EndProjectSection
EndProject
Project("{9A19103F-16F7-4668-BE54-9A1E7A4F7556}") = "VideoScheduler.Domain", "VideoScheduler.Domain\VideoScheduler.Domain.csproj", "{4B68B343-0396-445A-B306-536381C40D3A}"
EndProject
Project("{FAE04EC0-301F-11D3-BF4B-00C04F79EFBC}") = "VideoScheduler.UI", "VideoScheduler.UI\VideoScheduler.UI.csproj", "{C0569C1E-4CCA-43A1-ABF2-ECD01F30223C}"
	ProjectSection(ProjectDependencies) = postProject
		{421785E8-9ADA-4155-AFC3-8C8A9023CC80} = {421785E8-9ADA-4155-AFC3-8C8A9023CC80}
		{4B68B343-0396-445A-B306-536381C40D3A} = {4B68B343-0396-445A-B306-536381C40D3A}
	EndProjectSection
EndProject
Global
	GlobalSection(SolutionConfigurationPlatforms) = preSolution
		Debug|Any CPU = Debug|Any CPU
		Debug|x64 = Debug|x64
		Release|Any CPU = Release|Any CPU
		Release|x64 = Release|x64
	EndGlobalSection
	GlobalSection(ProjectConfigurationPlatforms) = postSolution
		{3F1E6412-3A50-4DF2-BC0F-E161C501F352}.Debug|Any CPU.ActiveCfg = Debug|Any CPU
		{3F1E6412-3A50-4DF2-BC0F-E161C501F352}.Debug|Any CPU.Build.0 = Debug|Any CPU
		{3F1E6412-3A50-4DF2-BC0F-E161C501F352}.Debug|x64.ActiveCfg = Debug|Any CPU
		{3F1E6412-3A50-4DF2-BC0F-E161C501F352}.Debug|x64.Build.0 = Debug|Any CPU
		{3F1E6412-3A50-4DF2-BC0F-E161C501F352}.Release|Any CPU.ActiveCfg = Release|Any CPU
		{3F1E6412-3A50-4DF2-BC0F-E161C501F352}.Release|Any CPU.Build.0 = Release|Any CPU
		{3F1E6412-3A50-4DF2-BC0F-E161C501F352}.Release|x64.ActiveCfg = Release|Any CPU
		{3F1E6412-3A50-4DF2-BC0F-E161C501F352}.Release|x64.Build.0 = Release|Any CPU
		{421785E8-9ADA-4155-AFC3-8C8A9023CC80}.Debug|Any CPU.ActiveCfg = Debug|Any CPU
		{421785E8-9ADA-4155-AFC3-8C8A9023CC80}.Debug|Any CPU.Build.0 = Debug|Any CPU
		{421785E8-9ADA-4155-AFC3-8C8A9023CC80}.Debug|x64.ActiveCfg = Debug|Any CPU
		{421785E8-9ADA-4155-AFC3-8C8A9023CC80}.Debug|x64.Build.0 = Debug|Any CPU
		{421785E8-9ADA-4155-AFC3-8C8A9023CC80}.Release|Any CPU.ActiveCfg = Release|Any CPU
		{421785E8-9ADA-4155-AFC3-8C8A9023CC80}.Release|Any CPU.Build.0 = Release|Any CPU
		{421785E8-9ADA-4155-AFC3-8C8A9023CC80}.Release|x64.ActiveCfg = Release|Any CPU
		{421785E8-9ADA-4155-AFC3-8C8A9023CC80}.Release|x64.Build.0 = Release|Any CPU
		{4B68B343-0396-445A-B306-536381C40D3A}.Debug|Any CPU.ActiveCfg = Debug|Any CPU
		{4B68B343-0396-445A-B306-536381C40D3A}.Debug|Any CPU.Build.0 = Debug|Any CPU
		{4B68B343-0396-445A-B306-536381C40D3A}.Debug|x64.ActiveCfg = Debug|Any CPU
		{4B68B343-0396-445A-B306-536381C40D3A}.Debug|x64.Build.0 = Debug|Any CPU
		{4B68B343-0396-445A-B306-536381C40D3A}.Release|Any CPU.ActiveCfg = Release|Any CPU
		{4B68B343-0396-445A-B306-536381C40D3A}.Release|Any CPU.Build.0 = Release|Any CPU
		{4B68B343-0396-445A-B306-536381C40D3A}.Release|x64.ActiveCfg = Release|Any CPU
		{4B68B343-0396-445A-B306-536381C40D3A}.Release|x64.Build.0 = Release|Any CPU
		{C0569C1E-4CCA-43A1-ABF2-ECD01F30223C}.Debug|Any CPU.ActiveCfg = Debug|Any CPU
		{C0569C1E-4CCA-43A1-ABF2-ECD01F30223C}.Debug|Any CPU.Build.0 = Debug|Any CPU
		{C0569C1E-4CCA-43A1-ABF2-ECD01F30223C}.Debug|x64.ActiveCfg = Debug|Any CPU
		{C0569C1E-4CCA-43A1-ABF2-ECD01F30223C}.Debug|x64.Build.0 = Debug|Any CPU
		{C0569C1E-4CCA-43A1-ABF2-ECD01F30223C}.Release|Any CPU.ActiveCfg = Release|Any CPU
		{C0569C1E-4CCA-43A1-ABF2-ECD01F30223C}.Release|Any CPU.Build.0 = Release|Any CPU
		{C0569C1E-4CCA-43A1-ABF2-ECD01F30223C}.Release|x64.ActiveCfg = Release|Any CPU
		{C0569C1E-4CCA-43A1-ABF2-ECD01F30223C}.Release|x64.Build.0 = Release|Any CPU
	EndGlobalSection
	GlobalSection(SolutionProperties) = preSolution
		HideSolutionNode = FALSE
	EndGlobalSection
	GlobalSection(ExtensibilityGlobals) = postSolution
		SolutionGuid = {099217BB-0542-4BDE-84F9-1F4FA86D8087}
	EndGlobalSection
EndGlobal
